
Microsoft Visual Studio Solution File, Format Version 12.00
Project("{FAE04EC0-301F-11D3-BF4B-00C04F79EFBC}") = "MineImatorSimplyRemadeNuxi", "MineImatorSimplyRemadeNuxi\MineImatorSimplyRemadeNuxi.csproj", "{8870F0EA-C06D-4384-B56C-04D668E1F36A}"
EndProject
Project("{FAE04EC0-301F-11D3-BF4B-00C04F79EFBC}") = "GMBinaryWrapper", "GMBinaryWrapper\GMBinaryWrapper.csproj", "{2C73F731-7982-4769-B6CB-05BF1F35FBD6}"
EndProject
Global
	GlobalSection(SolutionConfigurationPlatforms) = preSolution
		Debug|Any CPU = Debug|Any CPU
		Debug|x64 = Debug|x64
		Debug|x86 = Debug|x86
		Release|Any CPU = Release|Any CPU
		Release|x64 = Release|x64
		Release|x86 = Release|x86
	EndGlobalSection
	GlobalSection(ProjectConfigurationPlatforms) = postSolution
		{8870F0EA-C06D-4384-B56C-04D668E1F36A}.Debug|Any CPU.ActiveCfg = Debug|Any CPU
		{8870F0EA-C06D-4384-B56C-04D668E1F36A}.Debug|Any CPU.Build.0 = Debug|Any CPU
		{8870F0EA-C06D-4384-B56C-04D668E1F36A}.Debug|x64.ActiveCfg = Debug|Any CPU
		{8870F0EA-C06D-4384-B56C-04D668E1F36A}.Debug|x64.Build.0 = Debug|Any CPU
		{8870F0EA-C06D-4384-B56C-04D668E1F36A}.Debug|x86.ActiveCfg = Debug|Any CPU
		{8870F0EA-C06D-4384-B56C-04D668E1F36A}.Debug|x86.Build.0 = Debug|Any CPU
		{8870F0EA-C06D-4384-B56C-04D668E1F36A}.Release|Any CPU.ActiveCfg = Release|Any CPU
		{8870F0EA-C06D-4384-B56C-04D668E1F36A}.Release|Any CPU.Build.0 = Release|Any CPU
		{8870F0EA-C06D-4384-B56C-04D668E1F36A}.Release|x64.ActiveCfg = Release|Any CPU
		{8870F0EA-C06D-4384-B56C-04D668E1F36A}.Release|x64.Build.0 = Release|Any CPU
		{8870F0EA-C06D-4384-B56C-04D668E1F36A}.Release|x86.ActiveCfg = Release|Any CPU
		{8870F0EA-C06D-4384-B56C-04D668E1F36A}.Release|x86.Build.0 = Release|Any CPU
		{2C73F731-7982-4769-B6CB-05BF1F35FBD6}.Debug|Any CPU.ActiveCfg = Debug|Any CPU
		{2C73F731-7982-4769-B6CB-05BF1F35FBD6}.Debug|Any CPU.Build.0 = Debug|Any CPU
		{2C73F731-7982-4769-B6CB-05BF1F35FBD6}.Debug|x64.ActiveCfg = Debug|Any CPU
		{2C73F731-7982-4769-B6CB-05BF1F35FBD6}.Debug|x64.Build.0 = Debug|Any CPU
		{2C73F731-7982-4769-B6CB-05BF1F35FBD6}.Debug|x86.ActiveCfg = Debug|Any CPU
		{2C73F731-7982-4769-B6CB-05BF1F35FBD6}.Debug|x86.Build.0 = Debug|Any CPU
		{2C73F731-7982-4769-B6CB-05BF1F35FBD6}.Release|Any CPU.ActiveCfg = Release|Any CPU
		{2C73F731-7982-4769-B6CB-05BF1F35FBD6}.Release|Any CPU.Build.0 = Release|Any CPU
		{2C73F731-7982-4769-B6CB-05BF1F35FBD6}.Release|x64.ActiveCfg = Release|Any CPU
		{2C73F731-7982-4769-B6CB-05BF1F35FBD6}.Release|x64.Build.0 = Release|Any CPU
		{2C73F731-7982-4769-B6CB-05BF1F35FBD6}.Release|x86.ActiveCfg = Release|Any CPU
		{2C73F731-7982-4769-B6CB-05BF1F35FBD6}.Release|x86.Build.0 = Release|Any CPU
	EndGlobalSection
	GlobalSection(SolutionProperties) = preSolution
		HideSolutionNode = FALSE
	EndGlobalSection
EndGlobal
